// !$*UTF8*$!
{
	archiveVersion = 1;
	classes = {
	};
	objectVersion = 77;
	objects = {

/* Begin PBXBuildFile section */
		F1A2B3C4D5E6F7A8B9C0D1E2 /* ShareExtension.appex in Embed Foundation Extensions */ = {isa = PBXBuildFile; fileRef = 3598C3D8B91EF6B51C57588F /* ShareExtension.appex */; settings = {ATTRIBUTES = (RemoveHeadersOnCopy, ); }; };
/* End PBXBuildFile section */

/* Begin PBXContainerItemProxy section */
		69CEA1532EAC5C6200DBBD9B /* PBXContainerItemProxy */ = {
			isa = PBXContainerItemProxy;
			containerPortal = 69CEA1392EAC5C6000DBBD9B /* Project object */;
			proxyType = 1;
			remoteGlobalIDString = 69CEA1402EAC5C6000DBBD9B;
			remoteInfo = SpiceShelf;
		};
		69CEA15D2EAC5C6200DBBD9B /* PBXContainerItemProxy */ = {
			isa = PBXContainerItemProxy;
			containerPortal = 69CEA1392EAC5C6000DBBD9B /* Project object */;
			proxyType = 1;
			remoteGlobalIDString = 69CEA1402EAC5C6000DBBD9B;
			remoteInfo = SpiceShelf;
		};
		B9D44F60420D82D0C8DF827D /* PBXContainerItemProxy */ = {
			isa = PBXContainerItemProxy;
			containerPortal = 69CEA1392EAC5C6000DBBD9B /* Project object */;
			proxyType = 1;
			remoteGlobalIDString = BE28984597F5A9A90089C08D;
			remoteInfo = ShareExtension;
		};
/* End PBXContainerItemProxy section */

/* Begin PBXCopyFilesBuildPhase section */
		A1B2C3D4E5F6A7B8C9D0E1F2 /* Embed Foundation Extensions */ = {
			isa = PBXCopyFilesBuildPhase;
			buildActionMask = 2147483647;
			dstPath = "";
			dstSubfolderSpec = 13;
			files = (
				F1A2B3C4D5E6F7A8B9C0D1E2 /* ShareExtension.appex in Embed Foundation Extensions */,
			);
			name = "Embed Foundation Extensions";
			runOnlyForDeploymentPostprocessing = 0;
		};
/* End PBXCopyFilesBuildPhase section */

/* Begin PBXFileReference section */
		3598C3D8B91EF6B51C57588F /* ShareExtension.appex */ = {isa = PBXFileReference; explicitFileType = "wrapper.app-extension"; includeInIndex = 0; path = ShareExtension.appex; sourceTree = BUILT_PRODUCTS_DIR; };
		69CEA1412EAC5C6000DBBD9B /* SpiceShelf.app */ = {isa = PBXFileReference; explicitFileType = wrapper.application; includeInIndex = 0; path = SpiceShelf.app; sourceTree = BUILT_PRODUCTS_DIR; };
		69CEA1522EAC5C6200DBBD9B /* SpiceShelfTests.xctest */ = {isa = PBXFileReference; explicitFileType = wrapper.cfbundle; includeInIndex = 0; path = SpiceShelfTests.xctest; sourceTree = BUILT_PRODUCTS_DIR; };
		69CEA15C2EAC5C6200DBBD9B /* SpiceShelfUITests.xctest */ = {isa = PBXFileReference; explicitFileType = wrapper.cfbundle; includeInIndex = 0; path = SpiceShelfUITests.xctest; sourceTree = BUILT_PRODUCTS_DIR; };
/* End PBXFileReference section */

/* Begin PBXFileSystemSynchronizedBuildFileExceptionSet section */
		69CEA1642EAC5C6200DBBD9B /* Exceptions for "SpiceShelf" folder in "SpiceShelf" target */ = {
			isa = PBXFileSystemSynchronizedBuildFileExceptionSet;
			membershipExceptions = (
				Info.plist,
			);
			target = 69CEA1402EAC5C6000DBBD9B /* SpiceShelf */;
		};
		C33536D3C6ED41957700FFFC /* Exceptions for "ShareExtension" folder in "ShareExtension" target */ = {
			isa = PBXFileSystemSynchronizedBuildFileExceptionSet;
			membershipExceptions = (
				Info.plist,
			);
			target = BE28984597F5A9A90089C08D /* ShareExtension */;
		};
/* End PBXFileSystemSynchronizedBuildFileExceptionSet section */

/* Begin PBXFileSystemSynchronizedRootGroup section */
		69CEA1432EAC5C6000DBBD9B /* SpiceShelf */ = {
			isa = PBXFileSystemSynchronizedRootGroup;
			exceptions = (
				69CEA1642EAC5C6200DBBD9B /* Exceptions for "SpiceShelf" folder in "SpiceShelf" target */,
			);
			path = SpiceShelf;
			sourceTree = "<group>";
		};
		69CEA1552EAC5C6200DBBD9B /* SpiceShelfTests */ = {
			isa = PBXFileSystemSynchronizedRootGroup;
			path = SpiceShelfTests;
			sourceTree = "<group>";
		};
		69CEA15F2EAC5C6200DBBD9B /* SpiceShelfUITests */ = {
			isa = PBXFileSystemSynchronizedRootGroup;
			path = SpiceShelfUITests;
			sourceTree = "<group>";
		};
		E0E4F7EE41D4CEAE984CC047 /* ShareExtension */ = {
			isa = PBXFileSystemSynchronizedRootGroup;
			exceptions = (
				C33536D3C6ED41957700FFFC /* Exceptions for "ShareExtension" folder in "ShareExtension" target */,
			);
			path = ShareExtension;
			sourceTree = "<group>";
		};
/* End PBXFileSystemSynchronizedRootGroup section */

/* Begin PBXFrameworksBuildPhase section */
		69CEA13E2EAC5C6000DBBD9B /* Frameworks */ = {
			isa = PBXFrameworksBuildPhase;
			buildActionMask = 2147483647;
			files = (
			);
			runOnlyForDeploymentPostprocessing = 0;
		};
		69CEA14F2EAC5C6200DBBD9B /* Frameworks */ = {
			isa = PBXFrameworksBuildPhase;
			buildActionMask = 2147483647;
			files = (
			);
			runOnlyForDeploymentPostprocessing = 0;
		};
		69CEA1592EAC5C6200DBBD9B /* Frameworks */ = {
			isa = PBXFrameworksBuildPhase;
			buildActionMask = 2147483647;
			files = (
			);
			runOnlyForDeploymentPostprocessing = 0;
		};
		B83FE0FD2C5956A96E8750AD /* Frameworks */ = {
			isa = PBXFrameworksBuildPhase;
			buildActionMask = 2147483647;
			files = (
			);
			runOnlyForDeploymentPostprocessing = 0;
		};
/* End PBXFrameworksBuildPhase section */

/* Begin PBXGroup section */
		69CEA1382EAC5C6000DBBD9B = {
			isa = PBXGroup;
			children = (
				69CEA1432EAC5C6000DBBD9B /* SpiceShelf */,
				E0E4F7EE41D4CEAE984CC047 /* ShareExtension */,
				69CEA1552EAC5C6200DBBD9B /* SpiceShelfTests */,
				69CEA15F2EAC5C6200DBBD9B /* SpiceShelfUITests */,
				69CEA1422EAC5C6000DBBD9B /* Products */,
			);
			sourceTree = "<group>";
		};
		69CEA1422EAC5C6000DBBD9B /* Products */ = {
			isa = PBXGroup;
			children = (
				69CEA1412EAC5C6000DBBD9B /* SpiceShelf.app */,
				3598C3D8B91EF6B51C57588F /* ShareExtension.appex */,
				69CEA1522EAC5C6200DBBD9B /* SpiceShelfTests.xctest */,
				69CEA15C2EAC5C6200DBBD9B /* SpiceShelfUITests.xctest */,
			);
			name = Products;
			sourceTree = "<group>";
		};
/* End PBXGroup section */

/* Begin PBXNativeTarget section */
		69CEA1402EAC5C6000DBBD9B /* SpiceShelf */ = {
			isa = PBXNativeTarget;
			buildConfigurationList = 69CEA1652EAC5C6200DBBD9B /* Build configuration list for PBXNativeTarget "SpiceShelf" */;
			buildPhases = (
				69CEA13D2EAC5C6000DBBD9B /* Sources */,
				69CEA13E2EAC5C6000DBBD9B /* Frameworks */,
				69CEA13F2EAC5C6000DBBD9B /* Resources */,
				A1B2C3D4E5F6A7B8C9D0E1F2 /* Embed Foundation Extensions */,
			);
			buildRules = (
			);
			dependencies = (
				0678E40D2048C94D5224EB8E /* PBXTargetDependency */,
			);
			fileSystemSynchronizedGroups = (
				69CEA1432EAC5C6000DBBD9B /* SpiceShelf */,
			);
			name = SpiceShelf;
			packageProductDependencies = (
			);
			productName = SpiceShelf;
			productReference = 69CEA1412EAC5C6000DBBD9B /* SpiceShelf.app */;
			productType = "com.apple.product-type.application";
		};
		69CEA1512EAC5C6200DBBD9B /* SpiceShelfTests */ = {
			isa = PBXNativeTarget;
			buildConfigurationList = 69CEA16A2EAC5C6200DBBD9B /* Build configuration list for PBXNativeTarget "SpiceShelfTests" */;
			buildPhases = (
				69CEA14E2EAC5C6200DBBD9B /* Sources */,
				69CEA14F2EAC5C6200DBBD9B /* Frameworks */,
				69CEA1502EAC5C6200DBBD9B /* Resources */,
			);
			buildRules = (
			);
			dependencies = (
				69CEA1542EAC5C6200DBBD9B /* PBXTargetDependency */,
			);
			fileSystemSynchronizedGroups = (
				69CEA1552EAC5C6200DBBD9B /* SpiceShelfTests */,
			);
			name = SpiceShelfTests;
			packageProductDependencies = (
			);
			productName = SpiceShelfTests;
			productReference = 69CEA1522EAC5C6200DBBD9B /* SpiceShelfTests.xctest */;
			productType = "com.apple.product-type.bundle.unit-test";
		};
		69CEA15B2EAC5C6200DBBD9B /* SpiceShelfUITests */ = {
			isa = PBXNativeTarget;
			buildConfigurationList = 69CEA16D2EAC5C6200DBBD9B /* Build configuration list for PBXNativeTarget "SpiceShelfUITests" */;
			buildPhases = (
				69CEA1582EAC5C6200DBBD9B /* Sources */,
				69CEA1592EAC5C6200DBBD9B /* Frameworks */,
				69CEA15A2EAC5C6200DBBD9B /* Resources */,
			);
			buildRules = (
			);
			dependencies = (
				69CEA15E2EAC5C6200DBBD9B /* PBXTargetDependency */,
			);
			fileSystemSynchronizedGroups = (
				69CEA15F2EAC5C6200DBBD9B /* SpiceShelfUITests */,
			);
			name = SpiceShelfUITests;
			packageProductDependencies = (
			);
			productName = SpiceShelfUITests;
			productReference = 69CEA15C2EAC5C6200DBBD9B /* SpiceShelfUITests.xctest */;
			productType = "com.apple.product-type.bundle.ui-testing";
		};
		BE28984597F5A9A90089C08D /* ShareExtension */ = {
			isa = PBXNativeTarget;
			buildConfigurationList = 83D34D3BEADB7B5067BB519E /* Build configuration list for PBXNativeTarget "ShareExtension" */;
			buildPhases = (
				0FA2D77EBEF0EAEB97653D01 /* Sources */,
				B83FE0FD2C5956A96E8750AD /* Frameworks */,
				50AA251E5F8BF4C382CBD59E /* Resources */,
			);
			buildRules = (
			);
			dependencies = (
			);
			fileSystemSynchronizedGroups = (
				E0E4F7EE41D4CEAE984CC047 /* ShareExtension */,
			);
			name = ShareExtension;
			packageProductDependencies = (
			);
			productName = ShareExtension;
			productReference = 3598C3D8B91EF6B51C57588F /* ShareExtension.appex */;
			productType = "com.apple.product-type.app-extension";
		};
/* End PBXNativeTarget section */

/* Begin PBXProject section */
		69CEA1392EAC5C6000DBBD9B /* Project object */ = {
			isa = PBXProject;
			attributes = {
				BuildIndependentTargetsInParallel = 1;
				LastSwiftUpdateCheck = 2600;
				LastUpgradeCheck = 2620;
				TargetAttributes = {
					69CEA1402EAC5C6000DBBD9B = {
						CreatedOnToolsVersion = 26.0.1;
					};
					69CEA1512EAC5C6200DBBD9B = {
						CreatedOnToolsVersion = 26.0.1;
						TestTargetID = 69CEA1402EAC5C6000DBBD9B;
					};
					69CEA15B2EAC5C6200DBBD9B = {
						CreatedOnToolsVersion = 26.0.1;
						TestTargetID = 69CEA1402EAC5C6000DBBD9B;
					};
					BE28984597F5A9A90089C08D = {
						CreatedOnToolsVersion = 26.0.1;
					};
				};
			};
			buildConfigurationList = 69CEA13C2EAC5C6000DBBD9B /* Build configuration list for PBXProject "SpiceShelf" */;
			developmentRegion = en;
			hasScannedForEncodings = 0;
			knownRegions = (
				en,
				Base,
			);
			mainGroup = 69CEA1382EAC5C6000DBBD9B;
			minimizedProjectReferenceProxies = 1;
			preferredProjectObjectVersion = 77;
			productRefGroup = 69CEA1422EAC5C6000DBBD9B /* Products */;
			projectDirPath = "";
			projectRoot = "";
			targets = (
				69CEA1402EAC5C6000DBBD9B /* SpiceShelf */,
				BE28984597F5A9A90089C08D /* ShareExtension */,
				69CEA1512EAC5C6200DBBD9B /* SpiceShelfTests */,
				69CEA15B2EAC5C6200DBBD9B /* SpiceShelfUITests */,
			);
		};
/* End PBXProject section */

/* Begin PBXResourcesBuildPhase section */
		50AA251E5F8BF4C382CBD59E /* Resources */ = {
			isa = PBXResourcesBuildPhase;
			buildActionMask = 2147483647;
			files = (
			);
			runOnlyForDeploymentPostprocessing = 0;
		};
		69CEA13F2EAC5C6000DBBD9B /* Resources */ = {
			isa = PBXResourcesBuildPhase;
			buildActionMask = 2147483647;
			files = (
			);
			runOnlyForDeploymentPostprocessing = 0;
		};
		69CEA1502EAC5C6200DBBD9B /* Resources */ = {
			isa = PBXResourcesBuildPhase;
			buildActionMask = 2147483647;
			files = (
			);
			runOnlyForDeploymentPostprocessing = 0;
		};
		69CEA15A2EAC5C6200DBBD9B /* Resources */ = {
			isa = PBXResourcesBuildPhase;
			buildActionMask = 2147483647;
			files = (
			);
			runOnlyForDeploymentPostprocessing = 0;
		};
/* End PBXResourcesBuildPhase section */

/* Begin PBXSourcesBuildPhase section */
		0FA2D77EBEF0EAEB97653D01 /* Sources */ = {
			isa = PBXSourcesBuildPhase;
			buildActionMask = 2147483647;
			files = (
			);
			runOnlyForDeploymentPostprocessing = 0;
		};
		69CEA13D2EAC5C6000DBBD9B /* Sources */ = {
			isa = PBXSourcesBuildPhase;
			buildActionMask = 2147483647;
			files = (
			);
			runOnlyForDeploymentPostprocessing = 0;
		};
		69CEA14E2EAC5C6200DBBD9B /* Sources */ = {
			isa = PBXSourcesBuildPhase;
			buildActionMask = 2147483647;
			files = (
			);
			runOnlyForDeploymentPostprocessing = 0;
		};
		69CEA1582EAC5C6200DBBD9B /* Sources */ = {
			isa = PBXSourcesBuildPhase;
			buildActionMask = 2147483647;
			files = (
			);
			runOnlyForDeploymentPostprocessing = 0;
		};
/* End PBXSourcesBuildPhase section */

/* Begin PBXTargetDependency section */
		0678E40D2048C94D5224EB8E /* PBXTargetDependency */ = {
			isa = PBXTargetDependency;
			target = BE28984597F5A9A90089C08D /* ShareExtension */;
			targetProxy = B9D44F60420D82D0C8DF827D /* PBXContainerItemProxy */;
		};
		69CEA1542EAC5C6200DBBD9B /* PBXTargetDependency */ = {
			isa = PBXTargetDependency;
			target = 69CEA1402EAC5C6000DBBD9B /* SpiceShelf */;
			targetProxy = 69CEA1532EAC5C6200DBBD9B /* PBXContainerItemProxy */;
		};
		69CEA15E2EAC5C6200DBBD9B /* PBXTargetDependency */ = {
			isa = PBXTargetDependency;
			target = 69CEA1402EAC5C6000DBBD9B /* SpiceShelf */;
			targetProxy = 69CEA15D2EAC5C6200DBBD9B /* PBXContainerItemProxy */;
		};
/* End PBXTargetDependency section */

/* Begin XCBuildConfiguration section */
		331BC521E8DB3757B0F2FA20 /* Release */ = {
			isa = XCBuildConfiguration;
			buildSettings = {
				CODE_SIGN_ENTITLEMENTS = ShareExtension/ShareExtension.entitlements;
				CODE_SIGN_STYLE = Automatic;
				CURRENT_PROJECT_VERSION = 3;
				DEVELOPMENT_TEAM = XF6X92W4W9;
				GENERATE_INFOPLIST_FILE = YES;
				INFOPLIST_FILE = ShareExtension/Info.plist;
				IPHONEOS_DEPLOYMENT_TARGET = 26.0;
				LD_RUNPATH_SEARCH_PATHS = (
					"$(inherited)",
					"@executable_path/Frameworks",
					"@executable_path/../../Frameworks",
				);
				MARKETING_VERSION = 1.1;
				PRODUCT_BUNDLE_IDENTIFIER = mk.lan.SpiceShelf.ShareExtension;
				PRODUCT_NAME = "$(TARGET_NAME)";
				SKIP_INSTALL = YES;
				SWIFT_APPROACHABLE_CONCURRENCY = YES;
				SWIFT_EMIT_LOC_STRINGS = YES;
				SWIFT_VERSION = 5.0;
				TARGETED_DEVICE_FAMILY = "1,2";
			};
			name = Release;
		};
		649957933EAD3204D3791455 /* Debug */ = {
			isa = XCBuildConfiguration;
			buildSettings = {
				CODE_SIGN_ENTITLEMENTS = ShareExtension/ShareExtension.entitlements;
				CODE_SIGN_STYLE = Automatic;
				CURRENT_PROJECT_VERSION = 3;
				DEVELOPMENT_TEAM = XF6X92W4W9;
				GENERATE_INFOPLIST_FILE = YES;
				INFOPLIST_FILE = ShareExtension/Info.plist;
				IPHONEOS_DEPLOYMENT_TARGET = 26.0;
				LD_RUNPATH_SEARCH_PATHS = (
					"$(inherited)",
					"@executable_path/Frameworks",
					"@executable_path/../../Frameworks",
				);
				MARKETING_VERSION = 1.1;
				PRODUCT_BUNDLE_IDENTIFIER = mk.lan.SpiceShelf.ShareExtension;
				PRODUCT_NAME = "$(TARGET_NAME)";
				SKIP_INSTALL = YES;
				SWIFT_APPROACHABLE_CONCURRENCY = YES;
				SWIFT_EMIT_LOC_STRINGS = YES;
				SWIFT_VERSION = 5.0;
				TARGETED_DEVICE_FAMILY = "1,2";
			};
			name = Debug;
		};
		69CEA1662EAC5C6200DBBD9B /* Debug */ = {
			isa = XCBuildConfiguration;
			buildSettings = {
				ASSETCATALOG_COMPILER_APPICON_NAME = AppIcon;
				ASSETCATALOG_COMPILER_GLOBAL_ACCENT_COLOR_NAME = AccentColor;
				CODE_SIGN_ENTITLEMENTS = SpiceShelf/SpiceShelf.entitlements;
				CODE_SIGN_STYLE = Automatic;
				CURRENT_PROJECT_VERSION = 3;
				DEVELOPMENT_TEAM = XF6X92W4W9;
				ENABLE_PREVIEWS = YES;
				GENERATE_INFOPLIST_FILE = YES;
				INFOPLIST_FILE = SpiceShelf/Info.plist;
				INFOPLIST_KEY_CFBundleDisplayName = "Spice Nook";
				INFOPLIST_KEY_NSCameraUsageDescription = "This app needs camera access to take photos of your recipes.";
				INFOPLIST_KEY_UIApplicationSceneManifest_Generation = YES;
				INFOPLIST_KEY_UIApplicationSupportsIndirectInputEvents = YES;
				INFOPLIST_KEY_UILaunchScreen_Generation = YES;
				INFOPLIST_KEY_UISupportedInterfaceOrientations_iPad = "UIInterfaceOrientationPortrait UIInterfaceOrientationPortraitUpsideDown UIInterfaceOrientationLandscapeLeft UIInterfaceOrientationLandscapeRight";
				INFOPLIST_KEY_UISupportedInterfaceOrientations_iPhone = "UIInterfaceOrientationPortrait UIInterfaceOrientationLandscapeLeft UIInterfaceOrientationLandscapeRight";
				LD_RUNPATH_SEARCH_PATHS = (
					"$(inherited)",
					"@executable_path/Frameworks",
				);
				MARKETING_VERSION = 1.1;
				PRODUCT_BUNDLE_IDENTIFIER = mk.lan.SpiceShelf;
				PRODUCT_NAME = "$(TARGET_NAME)";
				STRING_CATALOG_GENERATE_SYMBOLS = YES;
				SWIFT_APPROACHABLE_CONCURRENCY = YES;
				SWIFT_DEFAULT_ACTOR_ISOLATION = MainActor;
				SWIFT_EMIT_LOC_STRINGS = YES;
				SWIFT_UPCOMING_FEATURE_MEMBER_IMPORT_VISIBILITY = YES;
				SWIFT_VERSION = 5.0;
				TARGETED_DEVICE_FAMILY = "1,2";
			};
			name = Debug;
		};
		69CEA1672EAC5C6200DBBD9B /* Release */ = {
			isa = XCBuildConfiguration;
			buildSettings = {
				ASSETCATALOG_COMPILER_APPICON_NAME = AppIcon;
				ASSETCATALOG_COMPILER_GLOBAL_ACCENT_COLOR_NAME = AccentColor;
				CODE_SIGN_ENTITLEMENTS = SpiceShelf/SpiceShelf.entitlements;
				CODE_SIGN_STYLE = Automatic;
				CURRENT_PROJECT_VERSION = 3;
				DEVELOPMENT_TEAM = XF6X92W4W9;
				ENABLE_PREVIEWS = YES;
				GENERATE_INFOPLIST_FILE = YES;
				INFOPLIST_FILE = SpiceShelf/Info.plist;
				INFOPLIST_KEY_CFBundleDisplayName = "Spice Nook";
				INFOPLIST_KEY_NSCameraUsageDescription = "This app needs camera access to take photos of your recipes.";
				INFOPLIST_KEY_UIApplicationSceneManifest_Generation = YES;
				INFOPLIST_KEY_UIApplicationSupportsIndirectInputEvents = YES;
				INFOPLIST_KEY_UILaunchScreen_Generation = YES;
				INFOPLIST_KEY_UISupportedInterfaceOrientations_iPad = "UIInterfaceOrientationPortrait UIInterfaceOrientationPortraitUpsideDown UIInterfaceOrientationLandscapeLeft UIInterfaceOrientationLandscapeRight";
				INFOPLIST_KEY_UISupportedInterfaceOrientations_iPhone = "UIInterfaceOrientationPortrait UIInterfaceOrientationLandscapeLeft UIInterfaceOrientationLandscapeRight";
				LD_RUNPATH_SEARCH_PATHS = (
					"$(inherited)",
					"@executable_path/Frameworks",
				);
				MARKETING_VERSION = 1.1;
				PRODUCT_BUNDLE_IDENTIFIER = mk.lan.SpiceShelf;
				PRODUCT_NAME = "$(TARGET_NAME)";
				STRING_CATALOG_GENERATE_SYMBOLS = YES;
				SWIFT_APPROACHABLE_CONCURRENCY = YES;
				SWIFT_DEFAULT_ACTOR_ISOLATION = MainActor;
				SWIFT_EMIT_LOC_STRINGS = YES;
				SWIFT_UPCOMING_FEATURE_MEMBER_IMPORT_VISIBILITY = YES;
				SWIFT_VERSION = 5.0;
				TARGETED_DEVICE_FAMILY = "1,2";
			};
			name = Release;
		};
		69CEA1682EAC5C6200DBBD9B /* Debug */ = {
			isa = XCBuildConfiguration;
			buildSettings = {
				ALWAYS_SEARCH_USER_PATHS = NO;
				ASSETCATALOG_COMPILER_GENERATE_SWIFT_ASSET_SYMBOL_EXTENSIONS = YES;
				CLANG_ANALYZER_NONNULL = YES;
				CLANG_ANALYZER_NUMBER_OBJECT_CONVERSION = YES_AGGRESSIVE;
				CLANG_CXX_LANGUAGE_STANDARD = "gnu++20";
				CLANG_ENABLE_MODULES = YES;
				CLANG_ENABLE_OBJC_ARC = YES;
				CLANG_ENABLE_OBJC_WEAK = YES;
				CLANG_WARN_BLOCK_CAPTURE_AUTORELEASING = YES;
				CLANG_WARN_BOOL_CONVERSION = YES;
				CLANG_WARN_COMMA = YES;
				CLANG_WARN_CONSTANT_CONVERSION = YES;
				CLANG_WARN_DEPRECATED_OBJC_IMPLEMENTATIONS = YES;
				CLANG_WARN_DIRECT_OBJC_ISA_USAGE = YES_ERROR;
				CLANG_WARN_DOCUMENTATION_COMMENTS = YES;
				CLANG_WARN_EMPTY_BODY = YES;
				CLANG_WARN_ENUM_CONVERSION = YES;
				CLANG_WARN_INFINITE_RECURSION = YES;
				CLANG_WARN_INT_CONVERSION = YES;
				CLANG_WARN_NON_LITERAL_NULL_CONVERSION = YES;
				CLANG_WARN_OBJC_IMPLICIT_RETAIN_SELF = YES;
				CLANG_WARN_OBJC_LITERAL_CONVERSION = YES;
				CLANG_WARN_OBJC_ROOT_CLASS = YES_ERROR;
				CLANG_WARN_QUOTED_INCLUDE_IN_FRAMEWORK_HEADER = YES;
				CLANG_WARN_RANGE_LOOP_ANALYSIS = YES;
				CLANG_WARN_STRICT_PROTOTYPES = YES;
				CLANG_WARN_SUSPICIOUS_MOVE = YES;
				CLANG_WARN_UNGUARDED_AVAILABILITY = YES_AGGRESSIVE;
				CLANG_WARN_UNREACHABLE_CODE = YES;
				CLANG_WARN__DUPLICATE_METHOD_MATCH = YES;
				COPY_PHASE_STRIP = NO;
				DEBUG_INFORMATION_FORMAT = dwarf;
				DEVELOPMENT_TEAM = XF6X92W4W9;
				ENABLE_STRICT_OBJC_MSGSEND = YES;
				ENABLE_TESTABILITY = YES;
				ENABLE_USER_SCRIPT_SANDBOXING = YES;
				GCC_C_LANGUAGE_STANDARD = gnu17;
				GCC_DYNAMIC_NO_PIC = NO;
				GCC_NO_COMMON_BLOCKS = YES;
				GCC_OPTIMIZATION_LEVEL = 0;
				GCC_PREPROCESSOR_DEFINITIONS = (
					"DEBUG=1",
					"$(inherited)",
				);
				GCC_WARN_64_TO_32_BIT_CONVERSION = YES;
				GCC_WARN_ABOUT_RETURN_TYPE = YES_ERROR;
				GCC_WARN_UNDECLARED_SELECTOR = YES;
				GCC_WARN_UNINITIALIZED_AUTOS = YES_AGGRESSIVE;
				GCC_WARN_UNUSED_FUNCTION = YES;
				GCC_WARN_UNUSED_VARIABLE = YES;
				IPHONEOS_DEPLOYMENT_TARGET = 26.0;
				LOCALIZATION_PREFERS_STRING_CATALOGS = YES;
				MTL_ENABLE_DEBUG_INFO = INCLUDE_SOURCE;
				MTL_FAST_MATH = YES;
				ONLY_ACTIVE_ARCH = YES;
				SDKROOT = iphoneos;
				STRING_CATALOG_GENERATE_SYMBOLS = YES;
				SWIFT_ACTIVE_COMPILATION_CONDITIONS = "DEBUG $(inherited)";
				SWIFT_OPTIMIZATION_LEVEL = "-Onone";
			};
			name = Debug;
		};
		69CEA1692EAC5C6200DBBD9B /* Release */ = {
			isa = XCBuildConfiguration;
			buildSettings = {
				ALWAYS_SEARCH_USER_PATHS = NO;
				ASSETCATALOG_COMPILER_GENERATE_SWIFT_ASSET_SYMBOL_EXTENSIONS = YES;
				CLANG_ANALYZER_NONNULL = YES;
				CLANG_ANALYZER_NUMBER_OBJECT_CONVERSION = YES_AGGRESSIVE;
				CLANG_CXX_LANGUAGE_STANDARD = "gnu++20";
				CLANG_ENABLE_MODULES = YES;
				CLANG_ENABLE_OBJC_ARC = YES;
				CLANG_ENABLE_OBJC_WEAK = YES;
				CLANG_WARN_BLOCK_CAPTURE_AUTORELEASING = YES;
				CLANG_WARN_BOOL_CONVERSION = YES;
				CLANG_WARN_COMMA = YES;
				CLANG_WARN_CONSTANT_CONVERSION = YES;
				CLANG_WARN_DEPRECATED_OBJC_IMPLEMENTATIONS = YES;
				CLANG_WARN_DIRECT_OBJC_ISA_USAGE = YES_ERROR;
				CLANG_WARN_DOCUMENTATION_COMMENTS = YES;
				CLANG_WARN_EMPTY_BODY = YES;
				CLANG_WARN_ENUM_CONVERSION = YES;
				CLANG_WARN_INFINITE_RECURSION = YES;
				CLANG_WARN_INT_CONVERSION = YES;
				CLANG_WARN_NON_LITERAL_NULL_CONVERSION = YES;
				CLANG_WARN_OBJC_IMPLICIT_RETAIN_SELF = YES;
				CLANG_WARN_OBJC_LITERAL_CONVERSION = YES;
				CLANG_WARN_OBJC_ROOT_CLASS = YES_ERROR;
				CLANG_WARN_QUOTED_INCLUDE_IN_FRAMEWORK_HEADER = YES;
				CLANG_WARN_RANGE_LOOP_ANALYSIS = YES;
				CLANG_WARN_STRICT_PROTOTYPES = YES;
				CLANG_WARN_SUSPICIOUS_MOVE = YES;
				CLANG_WARN_UNGUARDED_AVAILABILITY = YES_AGGRESSIVE;
				CLANG_WARN_UNREACHABLE_CODE = YES;
				CLANG_WARN__DUPLICATE_METHOD_MATCH = YES;
				COPY_PHASE_STRIP = NO;
				DEBUG_INFORMATION_FORMAT = "dwarf-with-dsym";
				DEVELOPMENT_TEAM = XF6X92W4W9;
				ENABLE_NS_ASSERTIONS = NO;
				ENABLE_STRICT_OBJC_MSGSEND = YES;
				ENABLE_USER_SCRIPT_SANDBOXING = YES;
				GCC_C_LANGUAGE_STANDARD = gnu17;
				GCC_NO_COMMON_BLOCKS = YES;
				GCC_WARN_64_TO_32_BIT_CONVERSION = YES;
				GCC_WARN_ABOUT_RETURN_TYPE = YES_ERROR;
				GCC_WARN_UNDECLARED_SELECTOR = YES;
				GCC_WARN_UNINITIALIZED_AUTOS = YES_AGGRESSIVE;
				GCC_WARN_UNUSED_FUNCTION = YES;
				GCC_WARN_UNUSED_VARIABLE = YES;
				IPHONEOS_DEPLOYMENT_TARGET = 26.0;
				LOCALIZATION_PREFERS_STRING_CATALOGS = YES;
				MTL_ENABLE_DEBUG_INFO = NO;
				MTL_FAST_MATH = YES;
				SDKROOT = iphoneos;
				STRING_CATALOG_GENERATE_SYMBOLS = YES;
				SWIFT_COMPILATION_MODE = wholemodule;
				VALIDATE_PRODUCT = YES;
			};
			name = Release;
		};
		69CEA16B2EAC5C6200DBBD9B /* Debug */ = {
			isa = XCBuildConfiguration;
			buildSettings = {
				BUNDLE_LOADER = "$(TEST_HOST)";
				CODE_SIGN_STYLE = Automatic;
				CURRENT_PROJECT_VERSION = 1;
				DEVELOPMENT_TEAM = XF6X92W4W9;
				GENERATE_INFOPLIST_FILE = YES;
				IPHONEOS_DEPLOYMENT_TARGET = 26.0;
				MARKETING_VERSION = 1.0;
				PRODUCT_BUNDLE_IDENTIFIER = mk.lan.SpiceShelfTests;
				PRODUCT_NAME = "$(TARGET_NAME)";
				STRING_CATALOG_GENERATE_SYMBOLS = NO;
				SWIFT_APPROACHABLE_CONCURRENCY = YES;
				SWIFT_EMIT_LOC_STRINGS = NO;
				SWIFT_UPCOMING_FEATURE_MEMBER_IMPORT_VISIBILITY = YES;
				SWIFT_VERSION = 5.0;
				TARGETED_DEVICE_FAMILY = "1,2";
				TEST_HOST = "$(BUILT_PRODUCTS_DIR)/SpiceShelf.app/$(BUNDLE_EXECUTABLE_FOLDER_PATH)/SpiceShelf";
			};
			name = Debug;
		};
		69CEA16C2EAC5C6200DBBD9B /* Release */ = {
			isa = XCBuildConfiguration;
			buildSettings = {
				BUNDLE_LOADER = "$(TEST_HOST)";
				CODE_SIGN_STYLE = Automatic;
				CURRENT_PROJECT_VERSION = 1;
				DEVELOPMENT_TEAM = XF6X92W4W9;
				GENERATE_INFOPLIST_FILE = YES;
				IPHONEOS_DEPLOYMENT_TARGET = 26.0;
				MARKETING_VERSION = 1.0;
				PRODUCT_BUNDLE_IDENTIFIER = mk.lan.SpiceShelfTests;
				PRODUCT_NAME = "$(TARGET_NAME)";
				STRING_CATALOG_GENERATE_SYMBOLS = NO;
				SWIFT_APPROACHABLE_CONCURRENCY = YES;
				SWIFT_EMIT_LOC_STRINGS = NO;
				SWIFT_UPCOMING_FEATURE_MEMBER_IMPORT_VISIBILITY = YES;
				SWIFT_VERSION = 5.0;
				TARGETED_DEVICE_FAMILY = "1,2";
				TEST_HOST = "$(BUILT_PRODUCTS_DIR)/SpiceShelf.app/$(BUNDLE_EXECUTABLE_FOLDER_PATH)/SpiceShelf";
			};
			name = Release;
		};
		69CEA16E2EAC5C6200DBBD9B /* Debug */ = {
			isa = XCBuildConfiguration;
			buildSettings = {
				CODE_SIGN_STYLE = Automatic;
				CURRENT_PROJECT_VERSION = 1;
				DEVELOPMENT_TEAM = XF6X92W4W9;
				GENERATE_INFOPLIST_FILE = YES;
				MARKETING_VERSION = 1.0;
				PRODUCT_BUNDLE_IDENTIFIER = mk.lan.SpiceShelfUITests;
				PRODUCT_NAME = "$(TARGET_NAME)";
				STRING_CATALOG_GENERATE_SYMBOLS = NO;
				SWIFT_APPROACHABLE_CONCURRENCY = YES;
				SWIFT_EMIT_LOC_STRINGS = NO;
				SWIFT_UPCOMING_FEATURE_MEMBER_IMPORT_VISIBILITY = YES;
				SWIFT_VERSION = 5.0;
				TARGETED_DEVICE_FAMILY = "1,2";
				TEST_TARGET_NAME = SpiceShelf;
			};
			name = Debug;
		};
		69CEA16F2EAC5C6200DBBD9B /* Release */ = {
			isa = XCBuildConfiguration;
			buildSettings = {
				CODE_SIGN_STYLE = Automatic;
				CURRENT_PROJECT_VERSION = 1;
				DEVELOPMENT_TEAM = XF6X92W4W9;
				GENERATE_INFOPLIST_FILE = YES;
				MARKETING_VERSION = 1.0;
				PRODUCT_BUNDLE_IDENTIFIER = mk.lan.SpiceShelfUITests;
				PRODUCT_NAME = "$(TARGET_NAME)";
				STRING_CATALOG_GENERATE_SYMBOLS = NO;
				SWIFT_APPROACHABLE_CONCURRENCY = YES;
				SWIFT_EMIT_LOC_STRINGS = NO;
				SWIFT_UPCOMING_FEATURE_MEMBER_IMPORT_VISIBILITY = YES;
				SWIFT_VERSION = 5.0;
				TARGETED_DEVICE_FAMILY = "1,2";
				TEST_TARGET_NAME = SpiceShelf;
			};
			name = Release;
		};
/* End XCBuildConfiguration section */

/* Begin XCConfigurationList section */
		69CEA13C2EAC5C6000DBBD9B /* Build configuration list for PBXProject "SpiceShelf" */ = {
			isa = XCConfigurationList;
			buildConfigurations = (
				69CEA1682EAC5C6200DBBD9B /* Debug */,
				69CEA1692EAC5C6200DBBD9B /* Release */,
			);
			defaultConfigurationIsVisible = 0;
			defaultConfigurationName = Release;
		};
		69CEA1652EAC5C6200DBBD9B /* Build configuration list for PBXNativeTarget "SpiceShelf" */ = {
			isa = XCConfigurationList;
			buildConfigurations = (
				69CEA1662EAC5C6200DBBD9B /* Debug */,
				69CEA1672EAC5C6200DBBD9B /* Release */,
			);
			defaultConfigurationIsVisible = 0;
			defaultConfigurationName = Release;
		};
		69CEA16A2EAC5C6200DBBD9B /* Build configuration list for PBXNativeTarget "SpiceShelfTests" */ = {
			isa = XCConfigurationList;
			buildConfigurations = (
				69CEA16B2EAC5C6200DBBD9B /* Debug */,
				69CEA16C2EAC5C6200DBBD9B /* Release */,
			);
			defaultConfigurationIsVisible = 0;
			defaultConfigurationName = Release;
		};
		69CEA16D2EAC5C6200DBBD9B /* Build configuration list for PBXNativeTarget "SpiceShelfUITests" */ = {
			isa = XCConfigurationList;
			buildConfigurations = (
				69CEA16E2EAC5C6200DBBD9B /* Debug */,
				69CEA16F2EAC5C6200DBBD9B /* Release */,
			);
			defaultConfigurationIsVisible = 0;
			defaultConfigurationName = Release;
		};
		83D34D3BEADB7B5067BB519E /* Build configuration list for PBXNativeTarget "ShareExtension" */ = {
			isa = XCConfigurationList;
			buildConfigurations = (
				649957933EAD3204D3791455 /* Debug */,
				331BC521E8DB3757B0F2FA20 /* Release */,
			);
			defaultConfigurationIsVisible = 0;
			defaultConfigurationName = Release;
		};
/* End XCConfigurationList section */
	};
	rootObject = 69CEA1392EAC5C6000DBBD9B /* Project object */;
}
